// !$*UTF8*$!
{
	archiveVersion = 1;
	classes = {
	};
	objectVersion = 77;
	objects = {

/* Begin PBXBuildFile section */
		9B42D5122EC62A3000ED1610 /* MDKBindings in Frameworks */ = {isa = PBXBuildFile; productRef = 9B42D5112EC62A3000ED1610 /* MDKBindings */; };
		9B42D6292EC6367000ED1610 /* MDKBindings in Frameworks */ = {isa = PBXBuildFile; productRef = 9B42D6282EC6367000ED1610 /* MDKBindings */; };
		9B42D62D2EC6375900ED1610 /* MDKBindings in Frameworks */ = {isa = PBXBuildFile; productRef = 9B42D62C2EC6375900ED1610 /* MDKBindings */; };
		9B42D6302EC6380B00ED1610 /* MDKBindings in Frameworks */ = {isa = PBXBuildFile; productRef = 9B42D62F2EC6380B00ED1610 /* MDKBindings */; };
		9B42D6432EC75B5100ED1610 /* MDKBindings in Frameworks */ = {isa = PBXBuildFile; productRef = 9B42D6422EC75B5100ED1610 /* MDKBindings */; };
		9B42D6462EC75C8C00ED1610 /* MDKBindings in Frameworks */ = {isa = PBXBuildFile; productRef = 9B42D6452EC75C8C00ED1610 /* MDKBindings */; };
		9B42D6492EC7684600ED1610 /* MDKBindings in Frameworks */ = {isa = PBXBuildFile; productRef = 9B42D6482EC7684600ED1610 /* MDKBindings */; };
		9B656E342EC9FDE800AFEECE /* MDKBindings in Frameworks */ = {isa = PBXBuildFile; productRef = 9B656E332EC9FDE800AFEECE /* MDKBindings */; };
		9B656E372EC9FE1600AFEECE /* MDKBindings in Frameworks */ = {isa = PBXBuildFile; productRef = 9B656E362EC9FE1600AFEECE /* MDKBindings */; };
		9BBE63A82EAE45EB0038AFCC /* Crypto in Frameworks */ = {isa = PBXBuildFile; productRef = 9BBE63A72EAE45EB0038AFCC /* Crypto */; };
		9BBE63AA2EAE45EB0038AFCC /* _CryptoExtras in Frameworks */ = {isa = PBXBuildFile; productRef = 9BBE63A92EAE45EB0038AFCC /* _CryptoExtras */; };
		9BBE64A52EB1F4E80038AFCC /* NostrSDK in Frameworks */ = {isa = PBXBuildFile; productRef = 9BBE64A42EB1F4E80038AFCC /* NostrSDK */; };
		9BBE6A022EB482E60038AFCC /* VideoLab in Frameworks */ = {isa = PBXBuildFile; productRef = 9BBE6A012EB482E60038AFCC /* VideoLab */; };
/* End PBXBuildFile section */

/* Begin PBXContainerItemProxy section */
		9BD866652EABAB7C00041C6D /* PBXContainerItemProxy */ = {
			isa = PBXContainerItemProxy;
			containerPortal = 9BD8664A2EABAB7B00041C6D /* Project object */;
			proxyType = 1;
			remoteGlobalIDString = 9BD866512EABAB7B00041C6D;
			remoteInfo = MyTube;
		};
		9BD8666F2EABAB7C00041C6D /* PBXContainerItemProxy */ = {
			isa = PBXContainerItemProxy;
			containerPortal = 9BD8664A2EABAB7B00041C6D /* Project object */;
			proxyType = 1;
			remoteGlobalIDString = 9BD866512EABAB7B00041C6D;
			remoteInfo = MyTube;
		};
/* End PBXContainerItemProxy section */

/* Begin PBXFileReference section */
		9BD866522EABAB7B00041C6D /* MyTube.app */ = {isa = PBXFileReference; explicitFileType = wrapper.application; includeInIndex = 0; path = MyTube.app; sourceTree = BUILT_PRODUCTS_DIR; };
		9BD866642EABAB7C00041C6D /* MyTubeTests.xctest */ = {isa = PBXFileReference; explicitFileType = wrapper.cfbundle; includeInIndex = 0; path = MyTubeTests.xctest; sourceTree = BUILT_PRODUCTS_DIR; };
		9BD8666E2EABAB7C00041C6D /* MyTubeUITests.xctest */ = {isa = PBXFileReference; explicitFileType = wrapper.cfbundle; includeInIndex = 0; path = MyTubeUITests.xctest; sourceTree = BUILT_PRODUCTS_DIR; };
/* End PBXFileReference section */

/* Begin PBXFileSystemSynchronizedRootGroup section */
		9BD866542EABAB7B00041C6D /* MyTube */ = {
			isa = PBXFileSystemSynchronizedRootGroup;
			path = MyTube;
			sourceTree = "<group>";
		};
		9BD866672EABAB7C00041C6D /* MyTubeTests */ = {
			isa = PBXFileSystemSynchronizedRootGroup;
			path = MyTubeTests;
			sourceTree = "<group>";
		};
		9BD866712EABAB7C00041C6D /* MyTubeUITests */ = {
			isa = PBXFileSystemSynchronizedRootGroup;
			path = MyTubeUITests;
			sourceTree = "<group>";
		};
/* End PBXFileSystemSynchronizedRootGroup section */

/* Begin PBXFrameworksBuildPhase section */
		9BD8664F2EABAB7B00041C6D /* Frameworks */ = {
			isa = PBXFrameworksBuildPhase;
			buildActionMask = 2147483647;
			files = (
				9BBE63AA2EAE45EB0038AFCC /* _CryptoExtras in Frameworks */,
				9B656E342EC9FDE800AFEECE /* MDKBindings in Frameworks */,
				9B42D6292EC6367000ED1610 /* MDKBindings in Frameworks */,
				9BBE63A82EAE45EB0038AFCC /* Crypto in Frameworks */,
				9B42D62D2EC6375900ED1610 /* MDKBindings in Frameworks */,
				9B42D6492EC7684600ED1610 /* MDKBindings in Frameworks */,
				9BBE64A52EB1F4E80038AFCC /* NostrSDK in Frameworks */,
				9B656E372EC9FE1600AFEECE /* MDKBindings in Frameworks */,
				9B42D6302EC6380B00ED1610 /* MDKBindings in Frameworks */,
				9BBE6A022EB482E60038AFCC /* VideoLab in Frameworks */,
				9B42D6432EC75B5100ED1610 /* MDKBindings in Frameworks */,
				9B42D5122EC62A3000ED1610 /* MDKBindings in Frameworks */,
				9B42D6462EC75C8C00ED1610 /* MDKBindings in Frameworks */,
			);
			runOnlyForDeploymentPostprocessing = 0;
		};
		9BD866612EABAB7C00041C6D /* Frameworks */ = {
			isa = PBXFrameworksBuildPhase;
			buildActionMask = 2147483647;
			files = (
			);
			runOnlyForDeploymentPostprocessing = 0;
		};
		9BD8666B2EABAB7C00041C6D /* Frameworks */ = {
			isa = PBXFrameworksBuildPhase;
			buildActionMask = 2147483647;
			files = (
			);
			runOnlyForDeploymentPostprocessing = 0;
		};
/* End PBXFrameworksBuildPhase section */

/* Begin PBXGroup section */
		9BD866492EABAB7B00041C6D = {
			isa = PBXGroup;
			children = (
				9BD866542EABAB7B00041C6D /* MyTube */,
				9BD866672EABAB7C00041C6D /* MyTubeTests */,
				9BD866712EABAB7C00041C6D /* MyTubeUITests */,
				9BD866532EABAB7B00041C6D /* Products */,
			);
			sourceTree = "<group>";
		};
		9BD866532EABAB7B00041C6D /* Products */ = {
			isa = PBXGroup;
			children = (
				9BD866522EABAB7B00041C6D /* MyTube.app */,
				9BD866642EABAB7C00041C6D /* MyTubeTests.xctest */,
				9BD8666E2EABAB7C00041C6D /* MyTubeUITests.xctest */,
			);
			name = Products;
			sourceTree = "<group>";
		};
/* End PBXGroup section */

/* Begin PBXNativeTarget section */
		9BD866512EABAB7B00041C6D /* MyTube */ = {
			isa = PBXNativeTarget;
			buildConfigurationList = 9BD866782EABAB7C00041C6D /* Build configuration list for PBXNativeTarget "MyTube" */;
			buildPhases = (
				9BD8664E2EABAB7B00041C6D /* Sources */,
				9BD8664F2EABAB7B00041C6D /* Frameworks */,
				9BD866502EABAB7B00041C6D /* Resources */,
			);
			buildRules = (
			);
			dependencies = (
			);
			fileSystemSynchronizedGroups = (
				9BD866542EABAB7B00041C6D /* MyTube */,
			);
			name = MyTube;
			packageProductDependencies = (
				9BBE63A72EAE45EB0038AFCC /* Crypto */,
				9BBE63A92EAE45EB0038AFCC /* _CryptoExtras */,
				9BBE64A42EB1F4E80038AFCC /* NostrSDK */,
				9BBE6A012EB482E60038AFCC /* VideoLab */,
				9B42D5112EC62A3000ED1610 /* MDKBindings */,
				9B42D6282EC6367000ED1610 /* MDKBindings */,
				9B42D62C2EC6375900ED1610 /* MDKBindings */,
				9B42D62F2EC6380B00ED1610 /* MDKBindings */,
				9B42D6422EC75B5100ED1610 /* MDKBindings */,
				9B42D6452EC75C8C00ED1610 /* MDKBindings */,
				9B42D6482EC7684600ED1610 /* MDKBindings */,
				9B656E332EC9FDE800AFEECE /* MDKBindings */,
				9B656E362EC9FE1600AFEECE /* MDKBindings */,
			);
			productName = MyTube;
			productReference = 9BD866522EABAB7B00041C6D /* MyTube.app */;
			productType = "com.apple.product-type.application";
		};
		9BD866632EABAB7C00041C6D /* MyTubeTests */ = {
			isa = PBXNativeTarget;
			buildConfigurationList = 9BD8667B2EABAB7C00041C6D /* Build configuration list for PBXNativeTarget "MyTubeTests" */;
			buildPhases = (
				9BD866602EABAB7C00041C6D /* Sources */,
				9BD866612EABAB7C00041C6D /* Frameworks */,
				9BD866622EABAB7C00041C6D /* Resources */,
			);
			buildRules = (
			);
			dependencies = (
				9BD866662EABAB7C00041C6D /* PBXTargetDependency */,
			);
			fileSystemSynchronizedGroups = (
				9BD866672EABAB7C00041C6D /* MyTubeTests */,
			);
			name = MyTubeTests;
			packageProductDependencies = (
			);
			productName = MyTubeTests;
			productReference = 9BD866642EABAB7C00041C6D /* MyTubeTests.xctest */;
			productType = "com.apple.product-type.bundle.unit-test";
		};
		9BD8666D2EABAB7C00041C6D /* MyTubeUITests */ = {
			isa = PBXNativeTarget;
			buildConfigurationList = 9BD8667E2EABAB7C00041C6D /* Build configuration list for PBXNativeTarget "MyTubeUITests" */;
			buildPhases = (
				9BD8666A2EABAB7C00041C6D /* Sources */,
				9BD8666B2EABAB7C00041C6D /* Frameworks */,
				9BD8666C2EABAB7C00041C6D /* Resources */,
			);
			buildRules = (
			);
			dependencies = (
				9BD866702EABAB7C00041C6D /* PBXTargetDependency */,
			);
			fileSystemSynchronizedGroups = (
				9BD866712EABAB7C00041C6D /* MyTubeUITests */,
			);
			name = MyTubeUITests;
			packageProductDependencies = (
			);
			productName = MyTubeUITests;
			productReference = 9BD8666E2EABAB7C00041C6D /* MyTubeUITests.xctest */;
			productType = "com.apple.product-type.bundle.ui-testing";
		};
/* End PBXNativeTarget section */

/* Begin PBXProject section */
		9BD8664A2EABAB7B00041C6D /* Project object */ = {
			isa = PBXProject;
			attributes = {
				BuildIndependentTargetsInParallel = 1;
				LastSwiftUpdateCheck = 1640;
				LastUpgradeCheck = 1640;
				TargetAttributes = {
					9BD866512EABAB7B00041C6D = {
						CreatedOnToolsVersion = 16.4;
					};
					9BD866632EABAB7C00041C6D = {
						CreatedOnToolsVersion = 16.4;
						TestTargetID = 9BD866512EABAB7B00041C6D;
					};
					9BD8666D2EABAB7C00041C6D = {
						CreatedOnToolsVersion = 16.4;
						TestTargetID = 9BD866512EABAB7B00041C6D;
					};
				};
			};
			buildConfigurationList = 9BD8664D2EABAB7B00041C6D /* Build configuration list for PBXProject "MyTube" */;
			developmentRegion = en;
			hasScannedForEncodings = 0;
			knownRegions = (
				en,
				Base,
			);
			mainGroup = 9BD866492EABAB7B00041C6D;
			minimizedProjectReferenceProxies = 1;
			packageReferences = (
				9BBE63A62EAE45EB0038AFCC /* XCRemoteSwiftPackageReference "swift-crypto" */,
				9BBE66092EB2FD050038AFCC /* XCRemoteSwiftPackageReference "nostr-sdk-swift" */,
				9BBE696F2EB476450038AFCC /* XCLocalSwiftPackageReference "ThirdParty/VideoLab" */,
				9B656E352EC9FE1600AFEECE /* XCLocalSwiftPackageReference "../mdk/swift/MDKPackage" */,
			);
			preferredProjectObjectVersion = 77;
			productRefGroup = 9BD866532EABAB7B00041C6D /* Products */;
			projectDirPath = "";
			projectRoot = "";
			targets = (
				9BD866512EABAB7B00041C6D /* MyTube */,
				9BD866632EABAB7C00041C6D /* MyTubeTests */,
				9BD8666D2EABAB7C00041C6D /* MyTubeUITests */,
			);
		};
/* End PBXProject section */

/* Begin PBXResourcesBuildPhase section */
		9BD866502EABAB7B00041C6D /* Resources */ = {
			isa = PBXResourcesBuildPhase;
			buildActionMask = 2147483647;
			files = (
			);
			runOnlyForDeploymentPostprocessing = 0;
		};
		9BD866622EABAB7C00041C6D /* Resources */ = {
			isa = PBXResourcesBuildPhase;
			buildActionMask = 2147483647;
			files = (
			);
			runOnlyForDeploymentPostprocessing = 0;
		};
		9BD8666C2EABAB7C00041C6D /* Resources */ = {
			isa = PBXResourcesBuildPhase;
			buildActionMask = 2147483647;
			files = (
			);
			runOnlyForDeploymentPostprocessing = 0;
		};
/* End PBXResourcesBuildPhase section */

/* Begin PBXSourcesBuildPhase section */
		9BD8664E2EABAB7B00041C6D /* Sources */ = {
			isa = PBXSourcesBuildPhase;
			buildActionMask = 2147483647;
			files = (
			);
			runOnlyForDeploymentPostprocessing = 0;
		};
		9BD866602EABAB7C00041C6D /* Sources */ = {
			isa = PBXSourcesBuildPhase;
			buildActionMask = 2147483647;
			files = (
			);
			runOnlyForDeploymentPostprocessing = 0;
		};
		9BD8666A2EABAB7C00041C6D /* Sources */ = {
			isa = PBXSourcesBuildPhase;
			buildActionMask = 2147483647;
			files = (
			);
			runOnlyForDeploymentPostprocessing = 0;
		};
/* End PBXSourcesBuildPhase section */

/* Begin PBXTargetDependency section */
		9BD866662EABAB7C00041C6D /* PBXTargetDependency */ = {
			isa = PBXTargetDependency;
			target = 9BD866512EABAB7B00041C6D /* MyTube */;
			targetProxy = 9BD866652EABAB7C00041C6D /* PBXContainerItemProxy */;
		};
		9BD866702EABAB7C00041C6D /* PBXTargetDependency */ = {
			isa = PBXTargetDependency;
			target = 9BD866512EABAB7B00041C6D /* MyTube */;
			targetProxy = 9BD8666F2EABAB7C00041C6D /* PBXContainerItemProxy */;
		};
/* End PBXTargetDependency section */

/* Begin XCBuildConfiguration section */
		9BD866762EABAB7C00041C6D /* Debug */ = {
			isa = XCBuildConfiguration;
			buildSettings = {
				ALWAYS_SEARCH_USER_PATHS = NO;
				ASSETCATALOG_COMPILER_GENERATE_SWIFT_ASSET_SYMBOL_EXTENSIONS = YES;
				CLANG_ANALYZER_NONNULL = YES;
				CLANG_ANALYZER_NUMBER_OBJECT_CONVERSION = YES_AGGRESSIVE;
				CLANG_CXX_LANGUAGE_STANDARD = "gnu++20";
				CLANG_ENABLE_MODULES = YES;
				CLANG_ENABLE_OBJC_ARC = YES;
				CLANG_ENABLE_OBJC_WEAK = YES;
				CLANG_WARN_BLOCK_CAPTURE_AUTORELEASING = YES;
				CLANG_WARN_BOOL_CONVERSION = YES;
				CLANG_WARN_COMMA = YES;
				CLANG_WARN_CONSTANT_CONVERSION = YES;
				CLANG_WARN_DEPRECATED_OBJC_IMPLEMENTATIONS = YES;
				CLANG_WARN_DIRECT_OBJC_ISA_USAGE = YES_ERROR;
				CLANG_WARN_DOCUMENTATION_COMMENTS = YES;
				CLANG_WARN_EMPTY_BODY = YES;
				CLANG_WARN_ENUM_CONVERSION = YES;
				CLANG_WARN_INFINITE_RECURSION = YES;
				CLANG_WARN_INT_CONVERSION = YES;
				CLANG_WARN_NON_LITERAL_NULL_CONVERSION = YES;
				CLANG_WARN_OBJC_IMPLICIT_RETAIN_SELF = YES;
				CLANG_WARN_OBJC_LITERAL_CONVERSION = YES;
				CLANG_WARN_OBJC_ROOT_CLASS = YES_ERROR;
				CLANG_WARN_QUOTED_INCLUDE_IN_FRAMEWORK_HEADER = YES;
				CLANG_WARN_RANGE_LOOP_ANALYSIS = YES;
				CLANG_WARN_STRICT_PROTOTYPES = YES;
				CLANG_WARN_SUSPICIOUS_MOVE = YES;
				CLANG_WARN_UNGUARDED_AVAILABILITY = YES_AGGRESSIVE;
				CLANG_WARN_UNREACHABLE_CODE = YES;
				CLANG_WARN__DUPLICATE_METHOD_MATCH = YES;
				COPY_PHASE_STRIP = NO;
				DEBUG_INFORMATION_FORMAT = dwarf;
				DEVELOPMENT_TEAM = 6H3AHZL8P3;
				ENABLE_STRICT_OBJC_MSGSEND = YES;
				ENABLE_TESTABILITY = YES;
				ENABLE_USER_SCRIPT_SANDBOXING = YES;
				GCC_C_LANGUAGE_STANDARD = gnu17;
				GCC_DYNAMIC_NO_PIC = NO;
				GCC_NO_COMMON_BLOCKS = YES;
				GCC_OPTIMIZATION_LEVEL = 0;
				GCC_PREPROCESSOR_DEFINITIONS = (
					"DEBUG=1",
					"$(inherited)",
				);
				GCC_WARN_64_TO_32_BIT_CONVERSION = YES;
				GCC_WARN_ABOUT_RETURN_TYPE = YES_ERROR;
				GCC_WARN_UNDECLARED_SELECTOR = YES;
				GCC_WARN_UNINITIALIZED_AUTOS = YES_AGGRESSIVE;
				GCC_WARN_UNUSED_FUNCTION = YES;
				GCC_WARN_UNUSED_VARIABLE = YES;
				IPHONEOS_DEPLOYMENT_TARGET = 18.5;
				LOCALIZATION_PREFERS_STRING_CATALOGS = YES;
				MTL_ENABLE_DEBUG_INFO = INCLUDE_SOURCE;
				MTL_FAST_MATH = YES;
				ONLY_ACTIVE_ARCH = YES;
				SDKROOT = iphoneos;
				SWIFT_ACTIVE_COMPILATION_CONDITIONS = "DEBUG $(inherited)";
				SWIFT_OPTIMIZATION_LEVEL = "-Onone";
			};
			name = Debug;
		};
		9BD866772EABAB7C00041C6D /* Release */ = {
			isa = XCBuildConfiguration;
			buildSettings = {
				ALWAYS_SEARCH_USER_PATHS = NO;
				ASSETCATALOG_COMPILER_GENERATE_SWIFT_ASSET_SYMBOL_EXTENSIONS = YES;
				CLANG_ANALYZER_NONNULL = YES;
				CLANG_ANALYZER_NUMBER_OBJECT_CONVERSION = YES_AGGRESSIVE;
				CLANG_CXX_LANGUAGE_STANDARD = "gnu++20";
				CLANG_ENABLE_MODULES = YES;
				CLANG_ENABLE_OBJC_ARC = YES;
				CLANG_ENABLE_OBJC_WEAK = YES;
				CLANG_WARN_BLOCK_CAPTURE_AUTORELEASING = YES;
				CLANG_WARN_BOOL_CONVERSION = YES;
				CLANG_WARN_COMMA = YES;
				CLANG_WARN_CONSTANT_CONVERSION = YES;
				CLANG_WARN_DEPRECATED_OBJC_IMPLEMENTATIONS = YES;
				CLANG_WARN_DIRECT_OBJC_ISA_USAGE = YES_ERROR;
				CLANG_WARN_DOCUMENTATION_COMMENTS = YES;
				CLANG_WARN_EMPTY_BODY = YES;
				CLANG_WARN_ENUM_CONVERSION = YES;
				CLANG_WARN_INFINITE_RECURSION = YES;
				CLANG_WARN_INT_CONVERSION = YES;
				CLANG_WARN_NON_LITERAL_NULL_CONVERSION = YES;
				CLANG_WARN_OBJC_IMPLICIT_RETAIN_SELF = YES;
				CLANG_WARN_OBJC_LITERAL_CONVERSION = YES;
				CLANG_WARN_OBJC_ROOT_CLASS = YES_ERROR;
				CLANG_WARN_QUOTED_INCLUDE_IN_FRAMEWORK_HEADER = YES;
				CLANG_WARN_RANGE_LOOP_ANALYSIS = YES;
				CLANG_WARN_STRICT_PROTOTYPES = YES;
				CLANG_WARN_SUSPICIOUS_MOVE = YES;
				CLANG_WARN_UNGUARDED_AVAILABILITY = YES_AGGRESSIVE;
				CLANG_WARN_UNREACHABLE_CODE = YES;
				CLANG_WARN__DUPLICATE_METHOD_MATCH = YES;
				COPY_PHASE_STRIP = NO;
				DEBUG_INFORMATION_FORMAT = "dwarf-with-dsym";
				DEVELOPMENT_TEAM = 6H3AHZL8P3;
				ENABLE_NS_ASSERTIONS = NO;
				ENABLE_STRICT_OBJC_MSGSEND = YES;
				ENABLE_USER_SCRIPT_SANDBOXING = YES;
				GCC_C_LANGUAGE_STANDARD = gnu17;
				GCC_NO_COMMON_BLOCKS = YES;
				GCC_WARN_64_TO_32_BIT_CONVERSION = YES;
				GCC_WARN_ABOUT_RETURN_TYPE = YES_ERROR;
				GCC_WARN_UNDECLARED_SELECTOR = YES;
				GCC_WARN_UNINITIALIZED_AUTOS = YES_AGGRESSIVE;
				GCC_WARN_UNUSED_FUNCTION = YES;
				GCC_WARN_UNUSED_VARIABLE = YES;
				IPHONEOS_DEPLOYMENT_TARGET = 18.5;
				LOCALIZATION_PREFERS_STRING_CATALOGS = YES;
				MTL_ENABLE_DEBUG_INFO = NO;
				MTL_FAST_MATH = YES;
				SDKROOT = iphoneos;
				SWIFT_COMPILATION_MODE = wholemodule;
				VALIDATE_PRODUCT = YES;
			};
			name = Release;
		};
		9BD866792EABAB7C00041C6D /* Debug */ = {
			isa = XCBuildConfiguration;
			buildSettings = {
				ASSETCATALOG_COMPILER_APPICON_NAME = AppIcon;
				ASSETCATALOG_COMPILER_GLOBAL_ACCENT_COLOR_NAME = AccentColor;
				CODE_SIGN_STYLE = Automatic;
				CURRENT_PROJECT_VERSION = 4;
				DEVELOPMENT_TEAM = JB9958F9HA;
				ENABLE_PREVIEWS = YES;
				GENERATE_INFOPLIST_FILE = YES;
				INFOPLIST_KEY_CFBundleDisplayName = Tubestr;
				INFOPLIST_KEY_LSApplicationCategoryType = "public.app-category.video";
				INFOPLIST_KEY_NSCameraUsageDescription = "MyTube needs the camera so kids can record their own videos.";
				INFOPLIST_KEY_NSFaceIDUsageDescription = "Face ID lets parents unlock MyTube controls securely.";
				INFOPLIST_KEY_NSMicrophoneUsageDescription = "MyTube captures audio alongside kid-created videos.";
				INFOPLIST_KEY_NSPhotoLibraryAddUsageDescription = "MyTube exports finished videos back into your photo library.";
				INFOPLIST_KEY_NSPhotoLibraryUsageDescription = "Allow MyTube to import family videos from your photo library.";
				INFOPLIST_KEY_UIApplicationSceneManifest_Generation = YES;
				INFOPLIST_KEY_UIApplicationSupportsIndirectInputEvents = YES;
				INFOPLIST_KEY_UILaunchScreen_Generation = YES;
				INFOPLIST_KEY_UISupportedInterfaceOrientations_iPad = "UIInterfaceOrientationPortrait UIInterfaceOrientationPortraitUpsideDown UIInterfaceOrientationLandscapeLeft UIInterfaceOrientationLandscapeRight";
				INFOPLIST_KEY_UISupportedInterfaceOrientations_iPhone = "UIInterfaceOrientationPortrait UIInterfaceOrientationLandscapeLeft UIInterfaceOrientationLandscapeRight";
				IPHONEOS_DEPLOYMENT_TARGET = 16.6;
				LD_RUNPATH_SEARCH_PATHS = (
					"$(inherited)",
					"@executable_path/Frameworks",
				);
				MARKETING_VERSION = 0.1.1;
				PRODUCT_BUNDLE_IDENTIFIER = app.tubestr.mobile;
				PRODUCT_NAME = "$(TARGET_NAME)";
				SWIFT_EMIT_LOC_STRINGS = YES;
				SWIFT_VERSION = 5.0;
				TARGETED_DEVICE_FAMILY = "1,2";
			};
			name = Debug;
		};
		9BD8667A2EABAB7C00041C6D /* Release */ = {
			isa = XCBuildConfiguration;
			buildSettings = {
				ASSETCATALOG_COMPILER_APPICON_NAME = AppIcon;
				ASSETCATALOG_COMPILER_GLOBAL_ACCENT_COLOR_NAME = AccentColor;
				CODE_SIGN_STYLE = Automatic;
				CURRENT_PROJECT_VERSION = 4;
				DEVELOPMENT_TEAM = JB9958F9HA;
				ENABLE_PREVIEWS = YES;
				GENERATE_INFOPLIST_FILE = YES;
				INFOPLIST_KEY_CFBundleDisplayName = Tubestr;
				INFOPLIST_KEY_LSApplicationCategoryType = "public.app-category.video";
				INFOPLIST_KEY_NSCameraUsageDescription = "MyTube needs the camera so kids can record their own videos.";
				INFOPLIST_KEY_NSFaceIDUsageDescription = "Face ID lets parents unlock MyTube controls securely.";
				INFOPLIST_KEY_NSMicrophoneUsageDescription = "MyTube captures audio alongside kid-created videos.";
				INFOPLIST_KEY_NSPhotoLibraryAddUsageDescription = "MyTube exports finished videos back into your photo library.";
				INFOPLIST_KEY_NSPhotoLibraryUsageDescription = "Allow MyTube to import family videos from your photo library.";
				INFOPLIST_KEY_UIApplicationSceneManifest_Generation = YES;
				INFOPLIST_KEY_UIApplicationSupportsIndirectInputEvents = YES;
				INFOPLIST_KEY_UILaunchScreen_Generation = YES;
				INFOPLIST_KEY_UISupportedInterfaceOrientations_iPad = "UIInterfaceOrientationPortrait UIInterfaceOrientationPortraitUpsideDown UIInterfaceOrientationLandscapeLeft UIInterfaceOrientationLandscapeRight";
				INFOPLIST_KEY_UISupportedInterfaceOrientations_iPhone = "UIInterfaceOrientationPortrait UIInterfaceOrientationLandscapeLeft UIInterfaceOrientationLandscapeRight";
				IPHONEOS_DEPLOYMENT_TARGET = 16.6;
				LD_RUNPATH_SEARCH_PATHS = (
					"$(inherited)",
					"@executable_path/Frameworks",
				);
				MARKETING_VERSION = 0.1.1;
				PRODUCT_BUNDLE_IDENTIFIER = app.tubestr.mobile;
				PRODUCT_NAME = "$(TARGET_NAME)";
				SWIFT_EMIT_LOC_STRINGS = YES;
				SWIFT_VERSION = 5.0;
				TARGETED_DEVICE_FAMILY = "1,2";
			};
			name = Release;
		};
		9BD8667C2EABAB7C00041C6D /* Debug */ = {
			isa = XCBuildConfiguration;
			buildSettings = {
				BUNDLE_LOADER = "$(TEST_HOST)";
				CODE_SIGN_STYLE = Automatic;
				CURRENT_PROJECT_VERSION = 1;
				DEVELOPMENT_TEAM = 6H3AHZL8P3;
				GENERATE_INFOPLIST_FILE = YES;
				IPHONEOS_DEPLOYMENT_TARGET = 18.5;
				MARKETING_VERSION = 1.0;
				PRODUCT_BUNDLE_IDENTIFIER = com.leesalminen.MyTubeTests;
				PRODUCT_NAME = "$(TARGET_NAME)";
				SWIFT_EMIT_LOC_STRINGS = NO;
				SWIFT_VERSION = 5.0;
				TARGETED_DEVICE_FAMILY = "1,2";
				TEST_HOST = "$(BUILT_PRODUCTS_DIR)/MyTube.app/$(BUNDLE_EXECUTABLE_FOLDER_PATH)/MyTube";
			};
			name = Debug;
		};
		9BD8667D2EABAB7C00041C6D /* Release */ = {
			isa = XCBuildConfiguration;
			buildSettings = {
				BUNDLE_LOADER = "$(TEST_HOST)";
				CODE_SIGN_STYLE = Automatic;
				CURRENT_PROJECT_VERSION = 1;
				DEVELOPMENT_TEAM = 6H3AHZL8P3;
				GENERATE_INFOPLIST_FILE = YES;
				IPHONEOS_DEPLOYMENT_TARGET = 18.5;
				MARKETING_VERSION = 1.0;
				PRODUCT_BUNDLE_IDENTIFIER = com.leesalminen.MyTubeTests;
				PRODUCT_NAME = "$(TARGET_NAME)";
				SWIFT_EMIT_LOC_STRINGS = NO;
				SWIFT_VERSION = 5.0;
				TARGETED_DEVICE_FAMILY = "1,2";
				TEST_HOST = "$(BUILT_PRODUCTS_DIR)/MyTube.app/$(BUNDLE_EXECUTABLE_FOLDER_PATH)/MyTube";
			};
			name = Release;
		};
		9BD8667F2EABAB7C00041C6D /* Debug */ = {
			isa = XCBuildConfiguration;
			buildSettings = {
				CODE_SIGN_STYLE = Automatic;
				CURRENT_PROJECT_VERSION = 1;
				DEVELOPMENT_TEAM = 6H3AHZL8P3;
				GENERATE_INFOPLIST_FILE = YES;
				MARKETING_VERSION = 1.0;
				PRODUCT_BUNDLE_IDENTIFIER = com.leesalminen.MyTubeUITests;
				PRODUCT_NAME = "$(TARGET_NAME)";
				SWIFT_EMIT_LOC_STRINGS = NO;
				SWIFT_VERSION = 5.0;
				TARGETED_DEVICE_FAMILY = "1,2";
				TEST_TARGET_NAME = MyTube;
			};
			name = Debug;
		};
		9BD866802EABAB7C00041C6D /* Release */ = {
			isa = XCBuildConfiguration;
			buildSettings = {
				CODE_SIGN_STYLE = Automatic;
				CURRENT_PROJECT_VERSION = 1;
				DEVELOPMENT_TEAM = 6H3AHZL8P3;
				GENERATE_INFOPLIST_FILE = YES;
				MARKETING_VERSION = 1.0;
				PRODUCT_BUNDLE_IDENTIFIER = com.leesalminen.MyTubeUITests;
				PRODUCT_NAME = "$(TARGET_NAME)";
				SWIFT_EMIT_LOC_STRINGS = NO;
				SWIFT_VERSION = 5.0;
				TARGETED_DEVICE_FAMILY = "1,2";
				TEST_TARGET_NAME = MyTube;
			};
			name = Release;
		};
/* End XCBuildConfiguration section */

/* Begin XCConfigurationList section */
		9BD8664D2EABAB7B00041C6D /* Build configuration list for PBXProject "MyTube" */ = {
			isa = XCConfigurationList;
			buildConfigurations = (
				9BD866762EABAB7C00041C6D /* Debug */,
				9BD866772EABAB7C00041C6D /* Release */,
			);
			defaultConfigurationIsVisible = 0;
			defaultConfigurationName = Release;
		};
		9BD866782EABAB7C00041C6D /* Build configuration list for PBXNativeTarget "MyTube" */ = {
			isa = XCConfigurationList;
			buildConfigurations = (
				9BD866792EABAB7C00041C6D /* Debug */,
				9BD8667A2EABAB7C00041C6D /* Release */,
			);
			defaultConfigurationIsVisible = 0;
			defaultConfigurationName = Release;
		};
		9BD8667B2EABAB7C00041C6D /* Build configuration list for PBXNativeTarget "MyTubeTests" */ = {
			isa = XCConfigurationList;
			buildConfigurations = (
				9BD8667C2EABAB7C00041C6D /* Debug */,
				9BD8667D2EABAB7C00041C6D /* Release */,
			);
			defaultConfigurationIsVisible = 0;
			defaultConfigurationName = Release;
		};
		9BD8667E2EABAB7C00041C6D /* Build configuration list for PBXNativeTarget "MyTubeUITests" */ = {
			isa = XCConfigurationList;
			buildConfigurations = (
				9BD8667F2EABAB7C00041C6D /* Debug */,
				9BD866802EABAB7C00041C6D /* Release */,
			);
			defaultConfigurationIsVisible = 0;
			defaultConfigurationName = Release;
		};
/* End XCConfigurationList section */

/* Begin XCLocalSwiftPackageReference section */
		9B656E352EC9FE1600AFEECE /* XCLocalSwiftPackageReference "../mdk/swift/MDKPackage" */ = {
			isa = XCLocalSwiftPackageReference;
			relativePath = ../mdk/swift/MDKPackage;
		};
		9BBE696F2EB476450038AFCC /* XCLocalSwiftPackageReference "ThirdParty/VideoLab" */ = {
			isa = XCLocalSwiftPackageReference;
			relativePath = ThirdParty/VideoLab;
		};
/* End XCLocalSwiftPackageReference section */

/* Begin XCRemoteSwiftPackageReference section */
		9BBE63A62EAE45EB0038AFCC /* XCRemoteSwiftPackageReference "swift-crypto" */ = {
			isa = XCRemoteSwiftPackageReference;
			repositoryURL = "https://github.com/apple/swift-crypto";
			requirement = {
				kind = upToNextMajorVersion;
				minimumVersion = 2.6.0;
			};
		};
		9BBE66092EB2FD050038AFCC /* XCRemoteSwiftPackageReference "nostr-sdk-swift" */ = {
			isa = XCRemoteSwiftPackageReference;
			repositoryURL = "https://github.com/rust-nostr/nostr-sdk-swift.git";
			requirement = {
				kind = upToNextMajorVersion;
				minimumVersion = 0.43.1;
			};
		};
/* End XCRemoteSwiftPackageReference section */

/* Begin XCSwiftPackageProductDependency section */
		9B42D5112EC62A3000ED1610 /* MDKBindings */ = {
			isa = XCSwiftPackageProductDependency;
			productName = MDKBindings;
		};
		9B42D6282EC6367000ED1610 /* MDKBindings */ = {
			isa = XCSwiftPackageProductDependency;
			productName = MDKBindings;
		};
		9B42D62C2EC6375900ED1610 /* MDKBindings */ = {
			isa = XCSwiftPackageProductDependency;
			productName = MDKBindings;
		};
		9B42D62F2EC6380B00ED1610 /* MDKBindings */ = {
			isa = XCSwiftPackageProductDependency;
			productName = MDKBindings;
		};
		9B42D6422EC75B5100ED1610 /* MDKBindings */ = {
			isa = XCSwiftPackageProductDependency;
			productName = MDKBindings;
		};
		9B42D6452EC75C8C00ED1610 /* MDKBindings */ = {
			isa = XCSwiftPackageProductDependency;
			productName = MDKBindings;
		};
		9B42D6482EC7684600ED1610 /* MDKBindings */ = {
			isa = XCSwiftPackageProductDependency;
			productName = MDKBindings;
		};
		9B656E332EC9FDE800AFEECE /* MDKBindings */ = {
			isa = XCSwiftPackageProductDependency;
			productName = MDKBindings;
		};
		9B656E362EC9FE1600AFEECE /* MDKBindings */ = {
			isa = XCSwiftPackageProductDependency;
			productName = MDKBindings;
		};
		9BBE63A72EAE45EB0038AFCC /* Crypto */ = {
			isa = XCSwiftPackageProductDependency;
			package = 9BBE63A62EAE45EB0038AFCC /* XCRemoteSwiftPackageReference "swift-crypto" */;
			productName = Crypto;
		};
		9BBE63A92EAE45EB0038AFCC /* _CryptoExtras */ = {
			isa = XCSwiftPackageProductDependency;
			package = 9BBE63A62EAE45EB0038AFCC /* XCRemoteSwiftPackageReference "swift-crypto" */;
			productName = _CryptoExtras;
		};
		9BBE64A42EB1F4E80038AFCC /* NostrSDK */ = {
			isa = XCSwiftPackageProductDependency;
			package = 9BBE66092EB2FD050038AFCC /* XCRemoteSwiftPackageReference "nostr-sdk-swift" */;
			productName = NostrSDK;
		};
		9BBE6A012EB482E60038AFCC /* VideoLab */ = {
			isa = XCSwiftPackageProductDependency;
			package = 9BBE696F2EB476450038AFCC /* XCLocalSwiftPackageReference "ThirdParty/VideoLab" */;
			productName = VideoLab;
		};
/* End XCSwiftPackageProductDependency section */
	};
	rootObject = 9BD8664A2EABAB7B00041C6D /* Project object */;
}
